<?xml version="1.0" encoding="utf-8"?>
<Project ToolsVersion="4.0" xmlns="http://schemas.microsoft.com/developer/msbuild/2003">
  <ItemGroup>
    <Filter Include="Tests">
      <UniqueIdentifier>{5cf21b94-c184-410f-bd39-b8b9dfd1dd92}</UniqueIdentifier>
    </Filter>
    <Filter Include="Test Classes">
      <UniqueIdentifier>{99a37df7-8d7a-43f4-a544-faef17ccd0bf}</UniqueIdentifier>
    </Filter>
    <Filter Include="Test Classes\Headers">
      <UniqueIdentifier>{93995380-89BD-4b04-88EB-625FBE52EBFB}</UniqueIdentifier>
      <Extensions>h;hh;hpp;hxx;h++;hm;inl;inc;ipp;xsd</Extensions>
    </Filter>
    <Filter Include="Test Classes\Source">
      <UniqueIdentifier>{4FC737F1-C7A5-4376-A066-2A32D752A2FF}</UniqueIdentifier>
      <Extensions>cpp;c;cc;cxx;c++;cppm;ixx;def;odl;idl;hpj;bat;asm;asmx</Extensions>
    </Filter>
    <Filter Include="TestFiles">
      <UniqueIdentifier>{ef3efef8-3032-40a5-bf17-b96f5ab5b126}</UniqueIdentifier>
    </Filter>
  </ItemGroup>
  <ItemGroup>
    <ClCompile Include="AttributedChild.cpp">
      <Filter>Test Classes\Source</Filter>
    </ClCompile>
    <ClCompile Include="Attributed.Test.cpp">
      <Filter>Tests</Filter>
    </ClCompile>
    <ClCompile Include="Datum.Test.cpp">
      <Filter>Tests</Filter>
    </ClCompile>
    <ClCompile Include="FieaGameEngine.Test.cpp">
      <Filter>Tests</Filter>
    </ClCompile>
    <ClCompile Include="RTTI.Test.cpp">
      <Filter>Tests</Filter>
    </ClCompile>
    <ClCompile Include="Scope.Test.cpp">
      <Filter>Tests</Filter>
    </ClCompile>
    <ClCompile Include="pch.cpp" />
    <ClCompile Include="Empty.cpp">
      <Filter>Test Classes\Source</Filter>
    </ClCompile>
    <ClCompile Include="EmptyChild.cpp">
      <Filter>Test Classes\Source</Filter>
    </ClCompile>
    <ClCompile Include="Foo.cpp">
      <Filter>Test Classes\Source</Filter>
    </ClCompile>
    <ClCompile Include="AttributedGrandChild.cpp">
      <Filter>Test Classes\Source</Filter>
    </ClCompile>
    <ClCompile Include="ParseCoordinator.Test.cpp">
      <Filter>Tests</Filter>
    </ClCompile>
    <ClCompile Include="..\FieaGameEngine\TestParseHandler.cpp">
      <Filter>Test Classes\Source</Filter>
    </ClCompile>
    <ClCompile Include="..\FieaGameEngine\IntTestHandler.cpp">
      <Filter>Test Classes\Source</Filter>
    </ClCompile>
    <ClCompile Include="AttributedBar.cpp">
      <Filter>Test Classes\Source</Filter>
    </ClCompile>
    <ClCompile Include="Factory.Test.cpp">
      <Filter>Tests</Filter>
    </ClCompile>
    <ClCompile Include="GameObject.Test.cpp">
      <Filter>Tests</Filter>
    </ClCompile>
    <ClCompile Include="Monster.cpp">
      <Filter>Test Classes\Source</Filter>
    </ClCompile>
    <ClCompile Include="Actions.Test.cpp">
      <Filter>Tests</Filter>
    </ClCompile>
    <ClCompile Include="Events.Test.cpp">
      <Filter>Tests</Filter>
    </ClCompile>
    <ClCompile Include="DogSubscriber.cpp">
      <Filter>Test Classes\Source</Filter>
    </ClCompile>
  </ItemGroup>
  <ItemGroup>
    <ClInclude Include="AttributedChild.h">
      <Filter>Test Classes\Headers</Filter>
    </ClInclude>
    <ClInclude Include="pch.h" />
    <ClInclude Include="Empty.h">
      <Filter>Test Classes\Headers</Filter>
    </ClInclude>
    <ClInclude Include="EmptyChild.h">
      <Filter>Test Classes\Headers</Filter>
    </ClInclude>
    <ClInclude Include="Foo.h">
      <Filter>Test Classes\Headers</Filter>
    </ClInclude>
    <ClInclude Include="AttributedGrandChild.h">
      <Filter>Test Classes\Headers</Filter>
    </ClInclude>
    <ClInclude Include="..\FieaGameEngine\IntTestHandler.h">
      <Filter>Test Classes\Headers</Filter>
    </ClInclude>
    <ClInclude Include="..\FieaGameEngine\TestParseHandler.h">
      <Filter>Test Classes\Headers</Filter>
    </ClInclude>
    <ClInclude Include="AttributedBar.h">
      <Filter>Test Classes\Headers</Filter>
    </ClInclude>
    <ClInclude Include="ConcreteFactories.h">
      <Filter>Test Classes\Headers</Filter>
    </ClInclude>
    <ClInclude Include="Monster.h">
      <Filter>Test Classes\Headers</Filter>
    </ClInclude>
    <ClInclude Include="DogSubscriber.h">
      <Filter>Test Classes\Headers</Filter>
    </ClInclude>
  </ItemGroup>
  <ItemGroup>
    <None Include="packages.config" />
  </ItemGroup>
  <ItemGroup>
    <CopyFileToFolders Include="..\Resources\DragonConfig.json">
      <Filter>TestFiles</Filter>
    </CopyFileToFolders>
  </ItemGroup>
</Project>